PODS:
  - AWSCore (2.5.8)
  - AWSIoT (2.5.8):
    - AWSCore (= 2.5.8)

DEPENDENCIES:
  - AWSCore
  - AWSIoT

SPEC CHECKSUMS:
  AWSCore: cf101c44d2cc5da32abc27d5529cddc63c010415
  AWSIoT: 209ae36ea1e48a9b8bcb65a94e8267265b4ff2b3

PODFILE CHECKSUM: d6735e61677852c54454a8fd97cb68d91a22f7ce

COCOAPODS: 1.2.1
