// !$*UTF8*$!
{
	archiveVersion = 1;
	classes = {
	};
	objectVersion = 46;
	objects = {

/* Begin PBXBuildFile section */
		492CE6131EF7C92F009253CE /* Constants.swift in Sources */ = {isa = PBXBuildFile; fileRef = 492CE6121EF7C92F009253CE /* Constants.swift */; };
		492CE6151EF7FBE0009253CE /* awsiot-identity.p12 in Resources */ = {isa = PBXBuildFile; fileRef = 492CE6141EF7FBE0009253CE /* awsiot-identity.p12 */; };
		49ABDCF51FB377E500E5A5BB /* SecureLoginViewController.swift in Sources */ = {isa = PBXBuildFile; fileRef = 49ABDCF41FB377E500E5A5BB /* SecureLoginViewController.swift */; };
		49DAEBEC1ECF039700FBC763 /* AppDelegate.swift in Sources */ = {isa = PBXBuildFile; fileRef = 49DAEBEB1ECF039700FBC763 /* AppDelegate.swift */; };
		49DAEBEE1ECF039700FBC763 /* SwitchViewController.swift in Sources */ = {isa = PBXBuildFile; fileRef = 49DAEBED1ECF039700FBC763 /* SwitchViewController.swift */; };
		49DAEBF11ECF039700FBC763 /* Main.storyboard in Resources */ = {isa = PBXBuildFile; fileRef = 49DAEBEF1ECF039700FBC763 /* Main.storyboard */; };
		49DAEBF31ECF039700FBC763 /* Assets.xcassets in Resources */ = {isa = PBXBuildFile; fileRef = 49DAEBF21ECF039700FBC763 /* Assets.xcassets */; };
		49DAEBF61ECF039700FBC763 /* LaunchScreen.storyboard in Resources */ = {isa = PBXBuildFile; fileRef = 49DAEBF41ECF039700FBC763 /* LaunchScreen.storyboard */; };
		49DAEC011ECF039700FBC763 /* AWSIoTLightSwitchTests.swift in Sources */ = {isa = PBXBuildFile; fileRef = 49DAEC001ECF039700FBC763 /* AWSIoTLightSwitchTests.swift */; };
		49DAEC0E1ECF29AA00FBC763 /* Podfile in Resources */ = {isa = PBXBuildFile; fileRef = 49DAEC0D1ECF29AA00FBC763 /* Podfile */; };
		49EE30301EF4284D006A37E1 /* AWS.swift in Sources */ = {isa = PBXBuildFile; fileRef = 49EE302F1EF4284D006A37E1 /* AWS.swift */; };
		49EE30361EF439F3006A37E1 /* Light.swift in Sources */ = {isa = PBXBuildFile; fileRef = 49EE30351EF439F3006A37E1 /* Light.swift */; };
		49EE30371EF439F3006A37E1 /* Light.swift in Sources */ = {isa = PBXBuildFile; fileRef = 49EE30351EF439F3006A37E1 /* Light.swift */; };
		5B71F98EA75469D87B47B523 /* Pods_AWSIoTLightSwitch.framework in Frameworks */ = {isa = PBXBuildFile; fileRef = 47B00387E002C158EBB5A6AF /* Pods_AWSIoTLightSwitch.framework */; };
		6349F3181FB3B837009A309D /* UID.swift in Sources */ = {isa = PBXBuildFile; fileRef = 6349F3171FB3B837009A309D /* UID.swift */; };
		EC71F80BB962D4215F4C2789 /* Pods_AWSIoTLightSwitch.framework in Frameworks */ = {isa = PBXBuildFile; fileRef = D711F0A586C86DD2F45AA9F6 /* Pods_AWSIoTLightSwitch.framework */; };
/* End PBXBuildFile section */

/* Begin PBXContainerItemProxy section */
		49DAEBFD1ECF039700FBC763 /* PBXContainerItemProxy */ = {
			isa = PBXContainerItemProxy;
			containerPortal = 49DAEBE01ECF039700FBC763 /* Project object */;
			proxyType = 1;
			remoteGlobalIDString = 49DAEBE71ECF039700FBC763;
			remoteInfo = AWSIoTLightSwitch;
		};
/* End PBXContainerItemProxy section */

/* Begin PBXFileReference section */
		47B00387E002C158EBB5A6AF /* Pods_AWSIoTLightSwitch.framework */ = {isa = PBXFileReference; explicitFileType = wrapper.framework; includeInIndex = 0; path = Pods_AWSIoTLightSwitch.framework; sourceTree = BUILT_PRODUCTS_DIR; };
		492CE6121EF7C92F009253CE /* Constants.swift */ = {isa = PBXFileReference; fileEncoding = 4; lastKnownFileType = sourcecode.swift; path = Constants.swift; sourceTree = "<group>"; };
		492CE6141EF7FBE0009253CE /* awsiot-identity.p12 */ = {isa = PBXFileReference; lastKnownFileType = file; path = "awsiot-identity.p12"; sourceTree = "<group>"; };
		49ABDCF41FB377E500E5A5BB /* SecureLoginViewController.swift */ = {isa = PBXFileReference; lastKnownFileType = sourcecode.swift; path = SecureLoginViewController.swift; sourceTree = "<group>"; };
		49DAEBE81ECF039700FBC763 /* AWSIoTLightSwitch.app */ = {isa = PBXFileReference; explicitFileType = wrapper.application; includeInIndex = 0; path = AWSIoTLightSwitch.app; sourceTree = BUILT_PRODUCTS_DIR; };
		49DAEBEB1ECF039700FBC763 /* AppDelegate.swift */ = {isa = PBXFileReference; lastKnownFileType = sourcecode.swift; path = AppDelegate.swift; sourceTree = "<group>"; };
		49DAEBED1ECF039700FBC763 /* SwitchViewController.swift */ = {isa = PBXFileReference; lastKnownFileType = sourcecode.swift; path = SwitchViewController.swift; sourceTree = "<group>"; };
		49DAEBF01ECF039700FBC763 /* Base */ = {isa = PBXFileReference; lastKnownFileType = file.storyboard; name = Base; path = Base.lproj/Main.storyboard; sourceTree = "<group>"; };
		49DAEBF21ECF039700FBC763 /* Assets.xcassets */ = {isa = PBXFileReference; lastKnownFileType = folder.assetcatalog; path = Assets.xcassets; sourceTree = "<group>"; };
		49DAEBF51ECF039700FBC763 /* Base */ = {isa = PBXFileReference; lastKnownFileType = file.storyboard; name = Base; path = Base.lproj/LaunchScreen.storyboard; sourceTree = "<group>"; };
		49DAEBF71ECF039700FBC763 /* Info.plist */ = {isa = PBXFileReference; lastKnownFileType = text.plist.xml; path = Info.plist; sourceTree = "<group>"; };
		49DAEBFC1ECF039700FBC763 /* AWSIoTLightSwitchTests.xctest */ = {isa = PBXFileReference; explicitFileType = wrapper.cfbundle; includeInIndex = 0; path = AWSIoTLightSwitchTests.xctest; sourceTree = BUILT_PRODUCTS_DIR; };
		49DAEC001ECF039700FBC763 /* AWSIoTLightSwitchTests.swift */ = {isa = PBXFileReference; lastKnownFileType = sourcecode.swift; path = AWSIoTLightSwitchTests.swift; sourceTree = "<group>"; };
		49DAEC021ECF039700FBC763 /* Info.plist */ = {isa = PBXFileReference; lastKnownFileType = text.plist.xml; path = Info.plist; sourceTree = "<group>"; };
		49DAEC0D1ECF29AA00FBC763 /* Podfile */ = {isa = PBXFileReference; fileEncoding = 4; lastKnownFileType = text; path = Podfile; sourceTree = "<group>"; xcLanguageSpecificationIdentifier = xcode.lang.ruby; };
		49EE302F1EF4284D006A37E1 /* AWS.swift */ = {isa = PBXFileReference; fileEncoding = 4; lastKnownFileType = sourcecode.swift; path = AWS.swift; sourceTree = "<group>"; };
		49EE30351EF439F3006A37E1 /* Light.swift */ = {isa = PBXFileReference; fileEncoding = 4; lastKnownFileType = sourcecode.swift; path = Light.swift; sourceTree = "<group>"; };
		6349F3171FB3B837009A309D /* UID.swift */ = {isa = PBXFileReference; lastKnownFileType = sourcecode.swift; path = UID.swift; sourceTree = "<group>"; };
		7256A379C44E59FFAFBE2E52 /* Pods-AWSIoTLightSwitch.release.xcconfig */ = {isa = PBXFileReference; includeInIndex = 1; lastKnownFileType = text.xcconfig; name = "Pods-AWSIoTLightSwitch.release.xcconfig"; path = "Pods/Target Support Files/Pods-AWSIoTLightSwitch/Pods-AWSIoTLightSwitch.release.xcconfig"; sourceTree = "<group>"; };
		ABD99D28C367BC1C1EA5A9E0 /* Pods-AWSIoTLightSwitch.debug.xcconfig */ = {isa = PBXFileReference; includeInIndex = 1; lastKnownFileType = text.xcconfig; name = "Pods-AWSIoTLightSwitch.debug.xcconfig"; path = "Pods/Target Support Files/Pods-AWSIoTLightSwitch/Pods-AWSIoTLightSwitch.debug.xcconfig"; sourceTree = "<group>"; };
		D711F0A586C86DD2F45AA9F6 /* Pods_AWSIoTLightSwitch.framework */ = {isa = PBXFileReference; explicitFileType = wrapper.framework; includeInIndex = 0; path = Pods_AWSIoTLightSwitch.framework; sourceTree = BUILT_PRODUCTS_DIR; };
/* End PBXFileReference section */

/* Begin PBXFrameworksBuildPhase section */
		49DAEBE51ECF039700FBC763 /* Frameworks */ = {
			isa = PBXFrameworksBuildPhase;
			buildActionMask = 2147483647;
			files = (
				EC71F80BB962D4215F4C2789 /* Pods_AWSIoTLightSwitch.framework in Frameworks */,
				5B71F98EA75469D87B47B523 /* Pods_AWSIoTLightSwitch.framework in Frameworks */,
			);
			runOnlyForDeploymentPostprocessing = 0;
		};
		49DAEBF91ECF039700FBC763 /* Frameworks */ = {
			isa = PBXFrameworksBuildPhase;
			buildActionMask = 2147483647;
			files = (
			);
			runOnlyForDeploymentPostprocessing = 0;
		};
/* End PBXFrameworksBuildPhase section */

/* Begin PBXGroup section */
		49DAEBDF1ECF039700FBC763 = {
			isa = PBXGroup;
			children = (
				49DAEC0D1ECF29AA00FBC763 /* Podfile */,
				49DAEBEA1ECF039700FBC763 /* AWSIoTLightSwitch */,
				49DAEBFF1ECF039700FBC763 /* AWSIoTLightSwitchTests */,
				49DAEBE91ECF039700FBC763 /* Products */,
				D3324F64E0C78D54678D6842 /* Pods */,
				98B288E119FE784245548EC7 /* Frameworks */,
			);
			sourceTree = "<group>";
		};
		49DAEBE91ECF039700FBC763 /* Products */ = {
			isa = PBXGroup;
			children = (
				49DAEBE81ECF039700FBC763 /* AWSIoTLightSwitch.app */,
				49DAEBFC1ECF039700FBC763 /* AWSIoTLightSwitchTests.xctest */,
			);
			name = Products;
			sourceTree = "<group>";
		};
		49DAEBEA1ECF039700FBC763 /* AWSIoTLightSwitch */ = {
			isa = PBXGroup;
			children = (
				49ABDCF41FB377E500E5A5BB /* SecureLoginViewController.swift */,
				49EE30311EF429BE006A37E1 /* SupportingFiles */,
				49DAEBEB1ECF039700FBC763 /* AppDelegate.swift */,
				49DAEBED1ECF039700FBC763 /* SwitchViewController.swift */,
				49EE30351EF439F3006A37E1 /* Light.swift */,
				49DAEBEF1ECF039700FBC763 /* Main.storyboard */,
				49DAEBF21ECF039700FBC763 /* Assets.xcassets */,
				49DAEBF41ECF039700FBC763 /* LaunchScreen.storyboard */,
				49EE302F1EF4284D006A37E1 /* AWS.swift */,
				492CE6121EF7C92F009253CE /* Constants.swift */,
				6349F3171FB3B837009A309D /* UID.swift */,
			);
			path = AWSIoTLightSwitch;
			sourceTree = "<group>";
		};
		49DAEBFF1ECF039700FBC763 /* AWSIoTLightSwitchTests */ = {
			isa = PBXGroup;
			children = (
				49DAEC001ECF039700FBC763 /* AWSIoTLightSwitchTests.swift */,
				49DAEC021ECF039700FBC763 /* Info.plist */,
			);
			path = AWSIoTLightSwitchTests;
			sourceTree = "<group>";
		};
		49EE30311EF429BE006A37E1 /* SupportingFiles */ = {
			isa = PBXGroup;
			children = (
				492CE6141EF7FBE0009253CE /* awsiot-identity.p12 */,
				49DAEBF71ECF039700FBC763 /* Info.plist */,
			);
			name = SupportingFiles;
			sourceTree = "<group>";
		};
		98B288E119FE784245548EC7 /* Frameworks */ = {
			isa = PBXGroup;
			children = (
				D711F0A586C86DD2F45AA9F6 /* Pods_AWSIoTLightSwitch.framework */,
				47B00387E002C158EBB5A6AF /* Pods_AWSIoTLightSwitch.framework */,
			);
			name = Frameworks;
			sourceTree = "<group>";
		};
		D3324F64E0C78D54678D6842 /* Pods */ = {
			isa = PBXGroup;
			children = (
				ABD99D28C367BC1C1EA5A9E0 /* Pods-AWSIoTLightSwitch.debug.xcconfig */,
				7256A379C44E59FFAFBE2E52 /* Pods-AWSIoTLightSwitch.release.xcconfig */,
			);
			name = Pods;
			sourceTree = "<group>";
		};
/* End PBXGroup section */

/* Begin PBXNativeTarget section */
		49DAEBE71ECF039700FBC763 /* AWSIoTLightSwitch */ = {
			isa = PBXNativeTarget;
			buildConfigurationList = 49DAEC051ECF039700FBC763 /* Build configuration list for PBXNativeTarget "AWSIoTLightSwitch" */;
			buildPhases = (
				A3B0BC2E0038DFD92E1BE477 /* [CP] Check Pods Manifest.lock */,
				49DAEBE41ECF039700FBC763 /* Sources */,
				49DAEBE51ECF039700FBC763 /* Frameworks */,
				49DAEBE61ECF039700FBC763 /* Resources */,
				C4968F35133C07641545256C /* [CP] Embed Pods Frameworks */,
				BA1F178E62BFCBD5528C7B35 /* [CP] Copy Pods Resources */,
			);
			buildRules = (
			);
			dependencies = (
			);
			name = AWSIoTLightSwitch;
			productName = AWSIoTLightSwitch;
			productReference = 49DAEBE81ECF039700FBC763 /* AWSIoTLightSwitch.app */;
			productType = "com.apple.product-type.application";
		};
		49DAEBFB1ECF039700FBC763 /* AWSIoTLightSwitchTests */ = {
			isa = PBXNativeTarget;
			buildConfigurationList = 49DAEC081ECF039700FBC763 /* Build configuration list for PBXNativeTarget "AWSIoTLightSwitchTests" */;
			buildPhases = (
				49DAEBF81ECF039700FBC763 /* Sources */,
				49DAEBF91ECF039700FBC763 /* Frameworks */,
				49DAEBFA1ECF039700FBC763 /* Resources */,
			);
			buildRules = (
			);
			dependencies = (
				49DAEBFE1ECF039700FBC763 /* PBXTargetDependency */,
			);
			name = AWSIoTLightSwitchTests;
			productName = AWSIoTLightSwitchTests;
			productReference = 49DAEBFC1ECF039700FBC763 /* AWSIoTLightSwitchTests.xctest */;
			productType = "com.apple.product-type.bundle.unit-test";
		};
/* End PBXNativeTarget section */

/* Begin PBXProject section */
		49DAEBE01ECF039700FBC763 /* Project object */ = {
			isa = PBXProject;
			attributes = {
				LastSwiftUpdateCheck = 0820;
				LastUpgradeCheck = 0820;
				ORGANIZATIONNAME = "JP Morgan & Chase";
				TargetAttributes = {
					49DAEBE71ECF039700FBC763 = {
						CreatedOnToolsVersion = 8.2.1;
						DevelopmentTeam = Y334R22AD4;
						ProvisioningStyle = Automatic;
					};
					49DAEBFB1ECF039700FBC763 = {
						CreatedOnToolsVersion = 8.2.1;
						DevelopmentTeam = 9D78YW7YJ6;
						ProvisioningStyle = Automatic;
						TestTargetID = 49DAEBE71ECF039700FBC763;
					};
				};
			};
			buildConfigurationList = 49DAEBE31ECF039700FBC763 /* Build configuration list for PBXProject "AWSIoTLightSwitch" */;
			compatibilityVersion = "Xcode 3.2";
			developmentRegion = English;
			hasScannedForEncodings = 0;
			knownRegions = (
				en,
				Base,
			);
			mainGroup = 49DAEBDF1ECF039700FBC763;
			productRefGroup = 49DAEBE91ECF039700FBC763 /* Products */;
			projectDirPath = "";
			projectRoot = "";
			targets = (
				49DAEBE71ECF039700FBC763 /* AWSIoTLightSwitch */,
				49DAEBFB1ECF039700FBC763 /* AWSIoTLightSwitchTests */,
			);
		};
/* End PBXProject section */

/* Begin PBXResourcesBuildPhase section */
		49DAEBE61ECF039700FBC763 /* Resources */ = {
			isa = PBXResourcesBuildPhase;
			buildActionMask = 2147483647;
			files = (
				49DAEBF61ECF039700FBC763 /* LaunchScreen.storyboard in Resources */,
				49DAEBF31ECF039700FBC763 /* Assets.xcassets in Resources */,
				492CE6151EF7FBE0009253CE /* awsiot-identity.p12 in Resources */,
				49DAEC0E1ECF29AA00FBC763 /* Podfile in Resources */,
				49DAEBF11ECF039700FBC763 /* Main.storyboard in Resources */,
			);
			runOnlyForDeploymentPostprocessing = 0;
		};
		49DAEBFA1ECF039700FBC763 /* Resources */ = {
			isa = PBXResourcesBuildPhase;
			buildActionMask = 2147483647;
			files = (
			);
			runOnlyForDeploymentPostprocessing = 0;
		};
/* End PBXResourcesBuildPhase section */

/* Begin PBXShellScriptBuildPhase section */
		A3B0BC2E0038DFD92E1BE477 /* [CP] Check Pods Manifest.lock */ = {
			isa = PBXShellScriptBuildPhase;
			buildActionMask = 2147483647;
			files = (
			);
			inputPaths = (
				"${PODS_PODFILE_DIR_PATH}/Podfile.lock",
				"${PODS_ROOT}/Manifest.lock",
			);
			name = "[CP] Check Pods Manifest.lock";
			outputPaths = (
				"$(DERIVED_FILE_DIR)/Pods-AWSIoTLightSwitch-checkManifestLockResult.txt",
			);
			runOnlyForDeploymentPostprocessing = 0;
			shellPath = /bin/sh;
			shellScript = "diff \"${PODS_PODFILE_DIR_PATH}/Podfile.lock\" \"${PODS_ROOT}/Manifest.lock\" > /dev/null\nif [ $? != 0 ] ; then\n    # print error to STDERR\n    echo \"error: The sandbox is not in sync with the Podfile.lock. Run 'pod install' or update your CocoaPods installation.\" >&2\n    exit 1\nfi\n# This output is used by Xcode 'outputs' to avoid re-running this script phase.\necho \"SUCCESS\" > \"${SCRIPT_OUTPUT_FILE_0}\"\n";
			showEnvVarsInLog = 0;
		};
		BA1F178E62BFCBD5528C7B35 /* [CP] Copy Pods Resources */ = {
			isa = PBXShellScriptBuildPhase;
			buildActionMask = 2147483647;
			files = (
			);
			inputPaths = (
			);
			name = "[CP] Copy Pods Resources";
			outputPaths = (
			);
			runOnlyForDeploymentPostprocessing = 0;
			shellPath = /bin/sh;
			shellScript = "\"${SRCROOT}/Pods/Target Support Files/Pods-AWSIoTLightSwitch/Pods-AWSIoTLightSwitch-resources.sh\"\n";
			showEnvVarsInLog = 0;
		};
		C4968F35133C07641545256C /* [CP] Embed Pods Frameworks */ = {
			isa = PBXShellScriptBuildPhase;
			buildActionMask = 2147483647;
			files = (
			);
			inputPaths = (
				"${SRCROOT}/Pods/Target Support Files/Pods-AWSIoTLightSwitch/Pods-AWSIoTLightSwitch-frameworks.sh",
				"${BUILT_PRODUCTS_DIR}/AWSCore/AWSCore.framework",
				"${BUILT_PRODUCTS_DIR}/AWSIoT/AWSIoT.framework",
				"${BUILT_PRODUCTS_DIR}/SwiftyJSON/SwiftyJSON.framework",
			);
			name = "[CP] Embed Pods Frameworks";
			outputPaths = (
				"${TARGET_BUILD_DIR}/${FRAMEWORKS_FOLDER_PATH}/AWSCore.framework",
				"${TARGET_BUILD_DIR}/${FRAMEWORKS_FOLDER_PATH}/AWSIoT.framework",
				"${TARGET_BUILD_DIR}/${FRAMEWORKS_FOLDER_PATH}/SwiftyJSON.framework",
			);
			runOnlyForDeploymentPostprocessing = 0;
			shellPath = /bin/sh;
			shellScript = "\"${SRCROOT}/Pods/Target Support Files/Pods-AWSIoTLightSwitch/Pods-AWSIoTLightSwitch-frameworks.sh\"\n";
			showEnvVarsInLog = 0;
		};
/* End PBXShellScriptBuildPhase section */

/* Begin PBXSourcesBuildPhase section */
		49DAEBE41ECF039700FBC763 /* Sources */ = {
			isa = PBXSourcesBuildPhase;
			buildActionMask = 2147483647;
			files = (
				492CE6131EF7C92F009253CE /* Constants.swift in Sources */,
				49ABDCF51FB377E500E5A5BB /* SecureLoginViewController.swift in Sources */,
				49DAEBEE1ECF039700FBC763 /* SwitchViewController.swift in Sources */,
				49DAEBEC1ECF039700FBC763 /* AppDelegate.swift in Sources */,
				49EE30361EF439F3006A37E1 /* Light.swift in Sources */,
				49EE30301EF4284D006A37E1 /* AWS.swift in Sources */,
				6349F3181FB3B837009A309D /* UID.swift in Sources */,
			);
			runOnlyForDeploymentPostprocessing = 0;
		};
		49DAEBF81ECF039700FBC763 /* Sources */ = {
			isa = PBXSourcesBuildPhase;
			buildActionMask = 2147483647;
			files = (
				49EE30371EF439F3006A37E1 /* Light.swift in Sources */,
				49DAEC011ECF039700FBC763 /* AWSIoTLightSwitchTests.swift in Sources */,
			);
			runOnlyForDeploymentPostprocessing = 0;
		};
/* End PBXSourcesBuildPhase section */

/* Begin PBXTargetDependency section */
		49DAEBFE1ECF039700FBC763 /* PBXTargetDependency */ = {
			isa = PBXTargetDependency;
			target = 49DAEBE71ECF039700FBC763 /* AWSIoTLightSwitch */;
			targetProxy = 49DAEBFD1ECF039700FBC763 /* PBXContainerItemProxy */;
		};
/* End PBXTargetDependency section */

/* Begin PBXVariantGroup section */
		49DAEBEF1ECF039700FBC763 /* Main.storyboard */ = {
			isa = PBXVariantGroup;
			children = (
				49DAEBF01ECF039700FBC763 /* Base */,
			);
			name = Main.storyboard;
			sourceTree = "<group>";
		};
		49DAEBF41ECF039700FBC763 /* LaunchScreen.storyboard */ = {
			isa = PBXVariantGroup;
			children = (
				49DAEBF51ECF039700FBC763 /* Base */,
			);
			name = LaunchScreen.storyboard;
			sourceTree = "<group>";
		};
/* End PBXVariantGroup section */

/* Begin XCBuildConfiguration section */
		49DAEC031ECF039700FBC763 /* Debug */ = {
			isa = XCBuildConfiguration;
			buildSettings = {
				ALWAYS_SEARCH_USER_PATHS = NO;
				CLANG_ANALYZER_NONNULL = YES;
				CLANG_CXX_LANGUAGE_STANDARD = "gnu++0x";
				CLANG_CXX_LIBRARY = "libc++";
				CLANG_ENABLE_MODULES = YES;
				CLANG_ENABLE_OBJC_ARC = YES;
				CLANG_WARN_BOOL_CONVERSION = YES;
				CLANG_WARN_CONSTANT_CONVERSION = YES;
				CLANG_WARN_DIRECT_OBJC_ISA_USAGE = YES_ERROR;
				CLANG_WARN_DOCUMENTATION_COMMENTS = YES;
				CLANG_WARN_EMPTY_BODY = YES;
				CLANG_WARN_ENUM_CONVERSION = YES;
				CLANG_WARN_INFINITE_RECURSION = YES;
				CLANG_WARN_INT_CONVERSION = YES;
				CLANG_WARN_OBJC_ROOT_CLASS = YES_ERROR;
				CLANG_WARN_SUSPICIOUS_MOVE = YES;
				CLANG_WARN_UNREACHABLE_CODE = YES;
				CLANG_WARN__DUPLICATE_METHOD_MATCH = YES;
				"CODE_SIGN_IDENTITY[sdk=iphoneos*]" = "iPhone Developer";
				COPY_PHASE_STRIP = NO;
				DEBUG_INFORMATION_FORMAT = dwarf;
				ENABLE_STRICT_OBJC_MSGSEND = YES;
				ENABLE_TESTABILITY = YES;
				GCC_C_LANGUAGE_STANDARD = gnu99;
				GCC_DYNAMIC_NO_PIC = NO;
				GCC_NO_COMMON_BLOCKS = YES;
				GCC_OPTIMIZATION_LEVEL = 0;
				GCC_PREPROCESSOR_DEFINITIONS = (
					"DEBUG=1",
					"$(inherited)",
				);
				GCC_WARN_64_TO_32_BIT_CONVERSION = YES;
				GCC_WARN_ABOUT_RETURN_TYPE = YES_ERROR;
				GCC_WARN_UNDECLARED_SELECTOR = YES;
				GCC_WARN_UNINITIALIZED_AUTOS = YES_AGGRESSIVE;
				GCC_WARN_UNUSED_FUNCTION = YES;
				GCC_WARN_UNUSED_VARIABLE = YES;
				IPHONEOS_DEPLOYMENT_TARGET = 11.0;
				MTL_ENABLE_DEBUG_INFO = YES;
				ONLY_ACTIVE_ARCH = YES;
				SDKROOT = iphoneos;
				SWIFT_ACTIVE_COMPILATION_CONDITIONS = DEBUG;
				SWIFT_OPTIMIZATION_LEVEL = "-Onone";
			};
			name = Debug;
		};
		49DAEC041ECF039700FBC763 /* Release */ = {
			isa = XCBuildConfiguration;
			buildSettings = {
				ALWAYS_SEARCH_USER_PATHS = NO;
				CLANG_ANALYZER_NONNULL = YES;
				CLANG_CXX_LANGUAGE_STANDARD = "gnu++0x";
				CLANG_CXX_LIBRARY = "libc++";
				CLANG_ENABLE_MODULES = YES;
				CLANG_ENABLE_OBJC_ARC = YES;
				CLANG_WARN_BOOL_CONVERSION = YES;
				CLANG_WARN_CONSTANT_CONVERSION = YES;
				CLANG_WARN_DIRECT_OBJC_ISA_USAGE = YES_ERROR;
				CLANG_WARN_DOCUMENTATION_COMMENTS = YES;
				CLANG_WARN_EMPTY_BODY = YES;
				CLANG_WARN_ENUM_CONVERSION = YES;
				CLANG_WARN_INFINITE_RECURSION = YES;
				CLANG_WARN_INT_CONVERSION = YES;
				CLANG_WARN_OBJC_ROOT_CLASS = YES_ERROR;
				CLANG_WARN_SUSPICIOUS_MOVE = YES;
				CLANG_WARN_UNREACHABLE_CODE = YES;
				CLANG_WARN__DUPLICATE_METHOD_MATCH = YES;
				"CODE_SIGN_IDENTITY[sdk=iphoneos*]" = "iPhone Developer";
				COPY_PHASE_STRIP = NO;
				DEBUG_INFORMATION_FORMAT = "dwarf-with-dsym";
				ENABLE_NS_ASSERTIONS = NO;
				ENABLE_STRICT_OBJC_MSGSEND = YES;
				GCC_C_LANGUAGE_STANDARD = gnu99;
				GCC_NO_COMMON_BLOCKS = YES;
				GCC_WARN_64_TO_32_BIT_CONVERSION = YES;
				GCC_WARN_ABOUT_RETURN_TYPE = YES_ERROR;
				GCC_WARN_UNDECLARED_SELECTOR = YES;
				GCC_WARN_UNINITIALIZED_AUTOS = YES_AGGRESSIVE;
				GCC_WARN_UNUSED_FUNCTION = YES;
				GCC_WARN_UNUSED_VARIABLE = YES;
				IPHONEOS_DEPLOYMENT_TARGET = 11.0;
				MTL_ENABLE_DEBUG_INFO = NO;
				SDKROOT = iphoneos;
				SWIFT_OPTIMIZATION_LEVEL = "-Owholemodule";
				VALIDATE_PRODUCT = YES;
			};
			name = Release;
		};
		49DAEC061ECF039700FBC763 /* Debug */ = {
			isa = XCBuildConfiguration;
			baseConfigurationReference = ABD99D28C367BC1C1EA5A9E0 /* Pods-AWSIoTLightSwitch.debug.xcconfig */;
			buildSettings = {
				ASSETCATALOG_COMPILER_APPICON_NAME = AppIcon;
				DEVELOPMENT_TEAM = Y334R22AD4;
				INFOPLIST_FILE = AWSIoTLightSwitch/Info.plist;
				IPHONEOS_DEPLOYMENT_TARGET = 10.3;
				LD_RUNPATH_SEARCH_PATHS = "$(inherited) @executable_path/Frameworks";
				PRODUCT_BUNDLE_IDENTIFIER = com.jpmorgan.awm.AWSIoTLightSwitch;
				PRODUCT_NAME = "$(TARGET_NAME)";
				SWIFT_VERSION = 3.0;
			};
			name = Debug;
		};
		49DAEC071ECF039700FBC763 /* Release */ = {
			isa = XCBuildConfiguration;
			baseConfigurationReference = 7256A379C44E59FFAFBE2E52 /* Pods-AWSIoTLightSwitch.release.xcconfig */;
			buildSettings = {
				ASSETCATALOG_COMPILER_APPICON_NAME = AppIcon;
				DEVELOPMENT_TEAM = Y334R22AD4;
				INFOPLIST_FILE = AWSIoTLightSwitch/Info.plist;
				IPHONEOS_DEPLOYMENT_TARGET = 10.3;
				LD_RUNPATH_SEARCH_PATHS = "$(inherited) @executable_path/Frameworks";
				PRODUCT_BUNDLE_IDENTIFIER = com.jpmorgan.awm.AWSIoTLightSwitch;
				PRODUCT_NAME = "$(TARGET_NAME)";
				SWIFT_VERSION = 3.0;
			};
			name = Release;
		};
		49DAEC091ECF039700FBC763 /* Debug */ = {
			isa = XCBuildConfiguration;
			buildSettings = {
				ALWAYS_EMBED_SWIFT_STANDARD_LIBRARIES = YES;
				BUNDLE_LOADER = "$(TEST_HOST)";
				DEVELOPMENT_TEAM = 9D78YW7YJ6;
				INFOPLIST_FILE = AWSIoTLightSwitchTests/Info.plist;
				LD_RUNPATH_SEARCH_PATHS = "$(inherited) @executable_path/Frameworks @loader_path/Frameworks";
				PRODUCT_BUNDLE_IDENTIFIER = com.jpmorgan.awm.awmias.AWSIoTLightSwitchTests;
				PRODUCT_NAME = "$(TARGET_NAME)";
				SWIFT_VERSION = 3.0;
				TEST_HOST = "$(BUILT_PRODUCTS_DIR)/AWSIoTLightSwitch.app/AWSIoTLightSwitch";
			};
			name = Debug;
		};
		49DAEC0A1ECF039700FBC763 /* Release */ = {
			isa = XCBuildConfiguration;
			buildSettings = {
				ALWAYS_EMBED_SWIFT_STANDARD_LIBRARIES = YES;
				BUNDLE_LOADER = "$(TEST_HOST)";
				DEVELOPMENT_TEAM = 9D78YW7YJ6;
				INFOPLIST_FILE = AWSIoTLightSwitchTests/Info.plist;
				LD_RUNPATH_SEARCH_PATHS = "$(inherited) @executable_path/Frameworks @loader_path/Frameworks";
				PRODUCT_BUNDLE_IDENTIFIER = com.jpmorgan.awm.awmias.AWSIoTLightSwitchTests;
				PRODUCT_NAME = "$(TARGET_NAME)";
				SWIFT_VERSION = 3.0;
				TEST_HOST = "$(BUILT_PRODUCTS_DIR)/AWSIoTLightSwitch.app/AWSIoTLightSwitch";
			};
			name = Release;
		};
/* End XCBuildConfiguration section */

/* Begin XCConfigurationList section */
		49DAEBE31ECF039700FBC763 /* Build configuration list for PBXProject "AWSIoTLightSwitch" */ = {
			isa = XCConfigurationList;
			buildConfigurations = (
				49DAEC031ECF039700FBC763 /* Debug */,
				49DAEC041ECF039700FBC763 /* Release */,
			);
			defaultConfigurationIsVisible = 0;
			defaultConfigurationName = Release;
		};
		49DAEC051ECF039700FBC763 /* Build configuration list for PBXNativeTarget "AWSIoTLightSwitch" */ = {
			isa = XCConfigurationList;
			buildConfigurations = (
				49DAEC061ECF039700FBC763 /* Debug */,
				49DAEC071ECF039700FBC763 /* Release */,
			);
			defaultConfigurationIsVisible = 0;
			defaultConfigurationName = Release;
		};
		49DAEC081ECF039700FBC763 /* Build configuration list for PBXNativeTarget "AWSIoTLightSwitchTests" */ = {
			isa = XCConfigurationList;
			buildConfigurations = (
				49DAEC091ECF039700FBC763 /* Debug */,
				49DAEC0A1ECF039700FBC763 /* Release */,
			);
			defaultConfigurationIsVisible = 0;
			defaultConfigurationName = Release;
		};
/* End XCConfigurationList section */
	};
	rootObject = 49DAEBE01ECF039700FBC763 /* Project object */;
}
